// !$*UTF8*$!
{
	archiveVersion = 1;
	classes = {
	};
	objectVersion = 50;
	objects = {

/* Begin PBXBuildFile section */
		0AAFD7A123E44BF000D9E0A6 /* Date+String.swift in Sources */ = {isa = PBXBuildFile; fileRef = 0AAFD7A023E44BF000D9E0A6 /* Date+String.swift */; };
		7C15D6D023E38414003595BF /* AppDelegate.swift in Sources */ = {isa = PBXBuildFile; fileRef = 7C15D6CF23E38414003595BF /* AppDelegate.swift */; };
		7C15D6D223E38414003595BF /* ViewController.swift in Sources */ = {isa = PBXBuildFile; fileRef = 7C15D6D123E38414003595BF /* ViewController.swift */; };
		7C15D6D423E38418003595BF /* Assets.xcassets in Resources */ = {isa = PBXBuildFile; fileRef = 7C15D6D323E38418003595BF /* Assets.xcassets */; };
		7C15D6D723E38418003595BF /* Main.storyboard in Resources */ = {isa = PBXBuildFile; fileRef = 7C15D6D523E38418003595BF /* Main.storyboard */; };
		7C15D6E123E3B1F5003595BF /* LoginRequester.swift in Sources */ = {isa = PBXBuildFile; fileRef = 7C15D6E023E3B1F5003595BF /* LoginRequester.swift */; };
		7C15D6E623E3BE1C003595BF /* NewEntryRequester.swift in Sources */ = {isa = PBXBuildFile; fileRef = 7C15D6E523E3BE1C003595BF /* NewEntryRequester.swift */; };
/* End PBXBuildFile section */

/* Begin PBXFileReference section */
		0AAFD7A023E44BF000D9E0A6 /* Date+String.swift */ = {isa = PBXFileReference; lastKnownFileType = sourcecode.swift; path = "Date+String.swift"; sourceTree = "<group>"; };
		7C15D6CC23E38414003595BF /* PMA macOS.app */ = {isa = PBXFileReference; explicitFileType = wrapper.application; includeInIndex = 0; path = "PMA macOS.app"; sourceTree = BUILT_PRODUCTS_DIR; };
		7C15D6CF23E38414003595BF /* AppDelegate.swift */ = {isa = PBXFileReference; lastKnownFileType = sourcecode.swift; path = AppDelegate.swift; sourceTree = "<group>"; };
		7C15D6D123E38414003595BF /* ViewController.swift */ = {isa = PBXFileReference; lastKnownFileType = sourcecode.swift; path = ViewController.swift; sourceTree = "<group>"; };
		7C15D6D323E38418003595BF /* Assets.xcassets */ = {isa = PBXFileReference; lastKnownFileType = folder.assetcatalog; path = Assets.xcassets; sourceTree = "<group>"; };
		7C15D6D623E38418003595BF /* Base */ = {isa = PBXFileReference; lastKnownFileType = file.storyboard; name = Base; path = Base.lproj/Main.storyboard; sourceTree = "<group>"; };
		7C15D6D823E38418003595BF /* Info.plist */ = {isa = PBXFileReference; lastKnownFileType = text.plist.xml; path = Info.plist; sourceTree = "<group>"; };
		7C15D6D923E38418003595BF /* PMA_macOS.entitlements */ = {isa = PBXFileReference; lastKnownFileType = text.plist.entitlements; path = PMA_macOS.entitlements; sourceTree = "<group>"; };
		7C15D6E023E3B1F5003595BF /* LoginRequester.swift */ = {isa = PBXFileReference; lastKnownFileType = sourcecode.swift; path = LoginRequester.swift; sourceTree = "<group>"; };
		7C15D6E523E3BE1C003595BF /* NewEntryRequester.swift */ = {isa = PBXFileReference; lastKnownFileType = sourcecode.swift; path = NewEntryRequester.swift; sourceTree = "<group>"; };
/* End PBXFileReference section */

/* Begin PBXFrameworksBuildPhase section */
		7C15D6C923E38414003595BF /* Frameworks */ = {
			isa = PBXFrameworksBuildPhase;
			buildActionMask = 2147483647;
			files = (
			);
			runOnlyForDeploymentPostprocessing = 0;
		};
/* End PBXFrameworksBuildPhase section */

/* Begin PBXGroup section */
		0AAFD79F23E44BD500D9E0A6 /* Extensions */ = {
			isa = PBXGroup;
			children = (
				0AAFD7A023E44BF000D9E0A6 /* Date+String.swift */,
			);
			path = Extensions;
			sourceTree = "<group>";
		};
		7C15D6C323E38414003595BF = {
			isa = PBXGroup;
			children = (
				7C15D6CE23E38414003595BF /* PMA macOS */,
				7C15D6CD23E38414003595BF /* Products */,
			);
			sourceTree = "<group>";
		};
		7C15D6CD23E38414003595BF /* Products */ = {
			isa = PBXGroup;
			children = (
				7C15D6CC23E38414003595BF /* PMA macOS.app */,
			);
			name = Products;
			sourceTree = "<group>";
		};
		7C15D6CE23E38414003595BF /* PMA macOS */ = {
			isa = PBXGroup;
			children = (
				0AAFD79F23E44BD500D9E0A6 /* Extensions */,
				7C15D6E323E3BC47003595BF /* Models */,
				7C15D6E223E3BC3F003595BF /* Helpers */,
				7C15D6DF23E3B1E8003595BF /* Requesters */,
				7C15D6CF23E38414003595BF /* AppDelegate.swift */,
				7C15D6D123E38414003595BF /* ViewController.swift */,
				7C15D6D323E38418003595BF /* Assets.xcassets */,
				7C15D6D523E38418003595BF /* Main.storyboard */,
				7C15D6D823E38418003595BF /* Info.plist */,
				7C15D6D923E38418003595BF /* PMA_macOS.entitlements */,
			);
			path = "PMA macOS";
			sourceTree = "<group>";
		};
		7C15D6DF23E3B1E8003595BF /* Requesters */ = {
			isa = PBXGroup;
			children = (
				7C15D6E023E3B1F5003595BF /* LoginRequester.swift */,
				7C15D6E523E3BE1C003595BF /* NewEntryRequester.swift */,
			);
			path = Requesters;
			sourceTree = "<group>";
		};
		7C15D6E223E3BC3F003595BF /* Helpers */ = {
			isa = PBXGroup;
			children = (
			);
			path = Helpers;
			sourceTree = "<group>";
		};
		7C15D6E323E3BC47003595BF /* Models */ = {
			isa = PBXGroup;
			children = (
			);
			path = Models;
			sourceTree = "<group>";
		};
/* End PBXGroup section */

/* Begin PBXNativeTarget section */
		7C15D6CB23E38414003595BF /* PMA macOS */ = {
			isa = PBXNativeTarget;
			buildConfigurationList = 7C15D6DC23E38418003595BF /* Build configuration list for PBXNativeTarget "PMA macOS" */;
			buildPhases = (
				7C15D6C823E38414003595BF /* Sources */,
				7C15D6C923E38414003595BF /* Frameworks */,
				7C15D6CA23E38414003595BF /* Resources */,
			);
			buildRules = (
			);
			dependencies = (
			);
			name = "PMA macOS";
			productName = "PMA macOS";
			productReference = 7C15D6CC23E38414003595BF /* PMA macOS.app */;
			productType = "com.apple.product-type.application";
		};
/* End PBXNativeTarget section */

/* Begin PBXProject section */
		7C15D6C423E38414003595BF /* Project object */ = {
			isa = PBXProject;
			attributes = {
				LastSwiftUpdateCheck = 1130;
				LastUpgradeCheck = 1130;
				ORGANIZATIONNAME = "Tomas Martins";
				TargetAttributes = {
					7C15D6CB23E38414003595BF = {
						CreatedOnToolsVersion = 11.3;
					};
				};
			};
			buildConfigurationList = 7C15D6C723E38414003595BF /* Build configuration list for PBXProject "PMA macOS" */;
			compatibilityVersion = "Xcode 9.3";
			developmentRegion = en;
			hasScannedForEncodings = 0;
			knownRegions = (
				en,
				Base,
			);
			mainGroup = 7C15D6C323E38414003595BF;
			productRefGroup = 7C15D6CD23E38414003595BF /* Products */;
			projectDirPath = "";
			projectRoot = "";
			targets = (
				7C15D6CB23E38414003595BF /* PMA macOS */,
			);
		};
/* End PBXProject section */

/* Begin PBXResourcesBuildPhase section */
		7C15D6CA23E38414003595BF /* Resources */ = {
			isa = PBXResourcesBuildPhase;
			buildActionMask = 2147483647;
			files = (
				7C15D6D423E38418003595BF /* Assets.xcassets in Resources */,
				7C15D6D723E38418003595BF /* Main.storyboard in Resources */,
			);
			runOnlyForDeploymentPostprocessing = 0;
		};
/* End PBXResourcesBuildPhase section */

/* Begin PBXSourcesBuildPhase section */
		7C15D6C823E38414003595BF /* Sources */ = {
			isa = PBXSourcesBuildPhase;
			buildActionMask = 2147483647;
			files = (
				7C15D6D223E38414003595BF /* ViewController.swift in Sources */,
				7C15D6D023E38414003595BF /* AppDelegate.swift in Sources */,
				7C15D6E623E3BE1C003595BF /* NewEntryRequester.swift in Sources */,
				0AAFD7A123E44BF000D9E0A6 /* Date+String.swift in Sources */,
				7C15D6E123E3B1F5003595BF /* LoginRequester.swift in Sources */,
			);
			runOnlyForDeploymentPostprocessing = 0;
		};
/* End PBXSourcesBuildPhase section */

/* Begin PBXVariantGroup section */
		7C15D6D523E38418003595BF /* Main.storyboard */ = {
			isa = PBXVariantGroup;
			children = (
				7C15D6D623E38418003595BF /* Base */,
			);
			name = Main.storyboard;
			sourceTree = "<group>";
		};
/* End PBXVariantGroup section */

/* Begin XCBuildConfiguration section */
		7C15D6DA23E38418003595BF /* Debug */ = {
			isa = XCBuildConfiguration;
			buildSettings = {
				ALWAYS_SEARCH_USER_PATHS = NO;
				CLANG_ANALYZER_NONNULL = YES;
				CLANG_ANALYZER_NUMBER_OBJECT_CONVERSION = YES_AGGRESSIVE;
				CLANG_CXX_LANGUAGE_STANDARD = "gnu++14";
				CLANG_CXX_LIBRARY = "libc++";
				CLANG_ENABLE_MODULES = YES;
				CLANG_ENABLE_OBJC_ARC = YES;
				CLANG_ENABLE_OBJC_WEAK = YES;
				CLANG_WARN_BLOCK_CAPTURE_AUTORELEASING = YES;
				CLANG_WARN_BOOL_CONVERSION = YES;
				CLANG_WARN_COMMA = YES;
				CLANG_WARN_CONSTANT_CONVERSION = YES;
				CLANG_WARN_DEPRECATED_OBJC_IMPLEMENTATIONS = YES;
				CLANG_WARN_DIRECT_OBJC_ISA_USAGE = YES_ERROR;
				CLANG_WARN_DOCUMENTATION_COMMENTS = YES;
				CLANG_WARN_EMPTY_BODY = YES;
				CLANG_WARN_ENUM_CONVERSION = YES;
				CLANG_WARN_INFINITE_RECURSION = YES;
				CLANG_WARN_INT_CONVERSION = YES;
				CLANG_WARN_NON_LITERAL_NULL_CONVERSION = YES;
				CLANG_WARN_OBJC_IMPLICIT_RETAIN_SELF = YES;
				CLANG_WARN_OBJC_LITERAL_CONVERSION = YES;
				CLANG_WARN_OBJC_ROOT_CLASS = YES_ERROR;
				CLANG_WARN_RANGE_LOOP_ANALYSIS = YES;
				CLANG_WARN_STRICT_PROTOTYPES = YES;
				CLANG_WARN_SUSPICIOUS_MOVE = YES;
				CLANG_WARN_UNGUARDED_AVAILABILITY = YES_AGGRESSIVE;
				CLANG_WARN_UNREACHABLE_CODE = YES;
				CLANG_WARN__DUPLICATE_METHOD_MATCH = YES;
				COPY_PHASE_STRIP = NO;
				DEBUG_INFORMATION_FORMAT = dwarf;
				ENABLE_STRICT_OBJC_MSGSEND = YES;
				ENABLE_TESTABILITY = YES;
				GCC_C_LANGUAGE_STANDARD = gnu11;
				GCC_DYNAMIC_NO_PIC = NO;
				GCC_NO_COMMON_BLOCKS = YES;
				GCC_OPTIMIZATION_LEVEL = 0;
				GCC_PREPROCESSOR_DEFINITIONS = (
					"DEBUG=1",
					"$(inherited)",
				);
				GCC_WARN_64_TO_32_BIT_CONVERSION = YES;
				GCC_WARN_ABOUT_RETURN_TYPE = YES_ERROR;
				GCC_WARN_UNDECLARED_SELECTOR = YES;
				GCC_WARN_UNINITIALIZED_AUTOS = YES_AGGRESSIVE;
				GCC_WARN_UNUSED_FUNCTION = YES;
				GCC_WARN_UNUSED_VARIABLE = YES;
				MACOSX_DEPLOYMENT_TARGET = 10.15;
				MTL_ENABLE_DEBUG_INFO = INCLUDE_SOURCE;
				MTL_FAST_MATH = YES;
				ONLY_ACTIVE_ARCH = YES;
				SDKROOT = macosx;
				SWIFT_ACTIVE_COMPILATION_CONDITIONS = DEBUG;
				SWIFT_OPTIMIZATION_LEVEL = "-Onone";
			};
			name = Debug;
		};
		7C15D6DB23E38418003595BF /* Release */ = {
			isa = XCBuildConfiguration;
			buildSettings = {
				ALWAYS_SEARCH_USER_PATHS = NO;
				CLANG_ANALYZER_NONNULL = YES;
				CLANG_ANALYZER_NUMBER_OBJECT_CONVERSION = YES_AGGRESSIVE;
				CLANG_CXX_LANGUAGE_STANDARD = "gnu++14";
				CLANG_CXX_LIBRARY = "libc++";
				CLANG_ENABLE_MODULES = YES;
				CLANG_ENABLE_OBJC_ARC = YES;
				CLANG_ENABLE_OBJC_WEAK = YES;
				CLANG_WARN_BLOCK_CAPTURE_AUTORELEASING = YES;
				CLANG_WARN_BOOL_CONVERSION = YES;
				CLANG_WARN_COMMA = YES;
				CLANG_WARN_CONSTANT_CONVERSION = YES;
				CLANG_WARN_DEPRECATED_OBJC_IMPLEMENTATIONS = YES;
				CLANG_WARN_DIRECT_OBJC_ISA_USAGE = YES_ERROR;
				CLANG_WARN_DOCUMENTATION_COMMENTS = YES;
				CLANG_WARN_EMPTY_BODY = YES;
				CLANG_WARN_ENUM_CONVERSION = YES;
				CLANG_WARN_INFINITE_RECURSION = YES;
				CLANG_WARN_INT_CONVERSION = YES;
				CLANG_WARN_NON_LITERAL_NULL_CONVERSION = YES;
				CLANG_WARN_OBJC_IMPLICIT_RETAIN_SELF = YES;
				CLANG_WARN_OBJC_LITERAL_CONVERSION = YES;
				CLANG_WARN_OBJC_ROOT_CLASS = YES_ERROR;
				CLANG_WARN_RANGE_LOOP_ANALYSIS = YES;
				CLANG_WARN_STRICT_PROTOTYPES = YES;
				CLANG_WARN_SUSPICIOUS_MOVE = YES;
				CLANG_WARN_UNGUARDED_AVAILABILITY = YES_AGGRESSIVE;
				CLANG_WARN_UNREACHABLE_CODE = YES;
				CLANG_WARN__DUPLICATE_METHOD_MATCH = YES;
				COPY_PHASE_STRIP = NO;
				DEBUG_INFORMATION_FORMAT = "dwarf-with-dsym";
				ENABLE_NS_ASSERTIONS = NO;
				ENABLE_STRICT_OBJC_MSGSEND = YES;
				GCC_C_LANGUAGE_STANDARD = gnu11;
				GCC_NO_COMMON_BLOCKS = YES;
				GCC_WARN_64_TO_32_BIT_CONVERSION = YES;
				GCC_WARN_ABOUT_RETURN_TYPE = YES_ERROR;
				GCC_WARN_UNDECLARED_SELECTOR = YES;
				GCC_WARN_UNINITIALIZED_AUTOS = YES_AGGRESSIVE;
				GCC_WARN_UNUSED_FUNCTION = YES;
				GCC_WARN_UNUSED_VARIABLE = YES;
				MACOSX_DEPLOYMENT_TARGET = 10.15;
				MTL_ENABLE_DEBUG_INFO = NO;
				MTL_FAST_MATH = YES;
				SDKROOT = macosx;
				SWIFT_COMPILATION_MODE = wholemodule;
				SWIFT_OPTIMIZATION_LEVEL = "-O";
			};
			name = Release;
		};
		7C15D6DD23E38418003595BF /* Debug */ = {
			isa = XCBuildConfiguration;
			buildSettings = {
				ASSETCATALOG_COMPILER_APPICON_NAME = AppIcon;
				CODE_SIGN_ENTITLEMENTS = "PMA macOS/PMA_macOS.entitlements";
				CODE_SIGN_STYLE = Automatic;
				COMBINE_HIDPI_IMAGES = YES;
				DEVELOPMENT_TEAM = ZTGHLM6H83;
				ENABLE_HARDENED_RUNTIME = YES;
				INFOPLIST_FILE = "PMA macOS/Info.plist";
				LD_RUNPATH_SEARCH_PATHS = (
					"$(inherited)",
					"@executable_path/../Frameworks",
				);
				MACOSX_DEPLOYMENT_TARGET = 10.13;
				PRODUCT_BUNDLE_IDENTIFIER = "tfmartin.PMA-macOS";
				PRODUCT_NAME = "$(TARGET_NAME)";
				SWIFT_VERSION = 5.0;
			};
			name = Debug;
		};
		7C15D6DE23E38418003595BF /* Release */ = {
			isa = XCBuildConfiguration;
			buildSettings = {
				ASSETCATALOG_COMPILER_APPICON_NAME = AppIcon;
				CODE_SIGN_ENTITLEMENTS = "PMA macOS/PMA_macOS.entitlements";
				CODE_SIGN_STYLE = Automatic;
				COMBINE_HIDPI_IMAGES = YES;
				DEVELOPMENT_TEAM = ZTGHLM6H83;
				ENABLE_HARDENED_RUNTIME = YES;
				INFOPLIST_FILE = "PMA macOS/Info.plist";
				LD_RUNPATH_SEARCH_PATHS = (
					"$(inherited)",
					"@executable_path/../Frameworks",
				);
				MACOSX_DEPLOYMENT_TARGET = 10.13;
				PRODUCT_BUNDLE_IDENTIFIER = "tfmartin.PMA-macOS";
				PRODUCT_NAME = "$(TARGET_NAME)";
				SWIFT_VERSION = 5.0;
			};
			name = Release;
		};
/* End XCBuildConfiguration section */

/* Begin XCConfigurationList section */
		7C15D6C723E38414003595BF /* Build configuration list for PBXProject "PMA macOS" */ = {
			isa = XCConfigurationList;
			buildConfigurations = (
				7C15D6DA23E38418003595BF /* Debug */,
				7C15D6DB23E38418003595BF /* Release */,
			);
			defaultConfigurationIsVisible = 0;
			defaultConfigurationName = Release;
		};
		7C15D6DC23E38418003595BF /* Build configuration list for PBXNativeTarget "PMA macOS" */ = {
			isa = XCConfigurationList;
			buildConfigurations = (
				7C15D6DD23E38418003595BF /* Debug */,
				7C15D6DE23E38418003595BF /* Release */,
			);
			defaultConfigurationIsVisible = 0;
			defaultConfigurationName = Release;
		};
/* End XCConfigurationList section */
	};
	rootObject = 7C15D6C423E38414003595BF /* Project object */;
}
